
Microsoft Visual Studio Solution File, Format Version 12.00
# Visual Studio Version 16
VisualStudioVersion = 16.0.32901.82
MinimumVisualStudioVersion = 10.0.40219.1
Project("{FAE04EC0-301F-11D3-BF4B-00C04F79EFBC}") = "Project_Migration", "Project_Migration\Project_Migration.csproj", "{DE775AD2-7D91-4492-B9FE-EAD1867E1C27}"
EndProject
Global
	GlobalSection(SolutionConfigurationPlatforms) = preSolution
		Debug|Any CPU = Debug|Any CPU
		Release|Any CPU = Release|Any CPU
	EndGlobalSection
	GlobalSection(ProjectConfigurationPlatforms) = postSolution
		{DE775AD2-7D91-4492-B9FE-EAD1867E1C27}.Debug|Any CPU.ActiveCfg = Debug|Any CPU
		{DE775AD2-7D91-4492-B9FE-EAD1867E1C27}.Debug|Any CPU.Build.0 = Debug|Any CPU
		{DE775AD2-7D91-4492-B9FE-EAD1867E1C27}.Release|Any CPU.ActiveCfg = Release|Any CPU
		{DE775AD2-7D91-4492-B9FE-EAD1867E1C27}.Release|Any CPU.Build.0 = Release|Any CPU
	EndGlobalSection
	GlobalSection(SolutionProperties) = preSolution
		HideSolutionNode = FALSE
	EndGlobalSection
	GlobalSection(ExtensibilityGlobals) = postSolution
		SolutionGuid = {EC45A6CC-8C89-4A10-9890-A784ED441CFD}
	EndGlobalSection
EndGlobal
